{
  "requires": true,
  "lockfileVersion": 1,
  "dependencies": {
    "siimple": {
      "version": "3.3.1",
      "resolved": "https://registry.npmjs.org/siimple/-/siimple-3.3.1.tgz",
      "integrity": "sha512-twLAzgtL74sE1fs7GSzdud6zKRGPFe/vTA/SH8YtWtr/gYjNDhozrr0yItoMtM1TMbhPPfS3x5mQ3WSSBcv/yA=="
    }
  }
}
